{
  "version": 4,
  "terraform_version": "1.10.5",
  "serial": 5,
  "lineage": "1a0c8b5a-36a0-1dea-3dac-76cc6438dc8c",
  "outputs": {},
  "resources": [
    {
      "mode": "managed",
      "type": "github_membership",
      "name": "membership_for_malopezru",
      "provider": "provider[\"registry.terraform.io/integrations/github\"]",
      "instances": [
        {
          "schema_version": 0,
          "attributes": {
            "downgrade_on_destroy": false,
            "etag": "W/\"bf203131d9099b344243dd38d03c7a5d7de8c32ccd6abd0511ccf31cd767f07e\"",
            "id": "terraform-lab-malopezru:malopezru",
            "role": "admin",
            "username": "malopezru"
          },
          "sensitive_attributes": [],
          "private": "bnVsbA=="
        }
      ]
    },
    {
      "mode": "managed",
      "type": "github_repository",
      "name": "terraform-lab-iac",
      "provider": "provider[\"registry.terraform.io/integrations/github\"]",
      "instances": [
        {
          "schema_version": 1,
          "attributes": {
            "allow_auto_merge": false,
            "allow_merge_commit": true,
            "allow_rebase_merge": true,
            "allow_squash_merge": true,
            "allow_update_branch": false,
            "archive_on_destroy": null,
            "archived": false,
            "auto_init": null,
            "default_branch": "main",
            "delete_branch_on_merge": false,
            "description": "Profe pongame 5",
            "etag": "W/\"05a2955e57c87b104bb831c46ab21d623e8fa3952ffef172a320d6a51f05f63d\"",
            "full_name": "terraform-lab-malopezru/terraform-lab-iac",
            "git_clone_url": "git://github.com/terraform-lab-malopezru/terraform-lab-iac.git",
            "gitignore_template": null,
            "has_discussions": false,
            "has_downloads": false,
            "has_issues": false,
            "has_projects": false,
            "has_wiki": false,
            "homepage_url": "",
            "html_url": "https://github.com/terraform-lab-malopezru/terraform-lab-iac",
            "http_clone_url": "https://github.com/terraform-lab-malopezru/terraform-lab-iac.git",
            "id": "terraform-lab-iac",
            "ignore_vulnerability_alerts_during_read": null,
            "is_template": false,
            "license_template": null,
            "merge_commit_message": "PR_TITLE",
            "merge_commit_title": "MERGE_MESSAGE",
            "name": "terraform-lab-iac",
            "node_id": "R_kgDON9AJAQ",
            "pages": [],
            "primary_language": "",
            "private": false,
            "repo_id": 936380673,
            "security_and_analysis": [
              {
                "advanced_security": [],
                "secret_scanning": [
                  {
                    "status": "disabled"
                  }
                ],
                "secret_scanning_push_protection": [
                  {
                    "status": "disabled"
                  }
                ]
              }
            ],
            "squash_merge_commit_message": "COMMIT_MESSAGES",
            "squash_merge_commit_title": "COMMIT_OR_PR_TITLE",
            "ssh_clone_url": "git@github.com:terraform-lab-malopezru/terraform-lab-iac.git",
            "svn_url": "https://github.com/terraform-lab-malopezru/terraform-lab-iac",
            "template": [
              {
                "include_all_branches": false,
                "owner": "MarketingPipeline",
                "repository": "Awesome-Repo-Template"
              }
            ],
            "topics": [],
            "visibility": "public",
            "vulnerability_alerts": true,
            "web_commit_signoff_required": false
          },
          "sensitive_attributes": [],
          "private": "eyJzY2hlbWFfdmVyc2lvbiI6IjEifQ=="
        }
      ]
    }
  ],
  "check_results": null
}
