{
  "version": 4,
  "terraform_version": "1.10.5",
  "serial": 10,
  "lineage": "1a0c8b5a-36a0-1dea-3dac-76cc6438dc8c",
  "outputs": {},
  "resources": [
    {
      "mode": "managed",
      "type": "github_branch",
      "name": "development",
      "provider": "provider[\"registry.terraform.io/integrations/github\"]",
      "instances": [
        {
          "schema_version": 0,
          "attributes": {
            "branch": "development",
            "etag": "W/\"502d8bdbfdc8c1aa5aed2f0dba3c08010fccc00616390f1cfd90f28c7f65249c\"",
            "id": "terraform-lab-iac:development",
            "ref": "refs/heads/development",
            "repository": "terraform-lab-iac",
            "sha": "c0857dc7267277be4327e147e2012a7cbc6cd7fd",
            "source_branch": "main",
            "source_sha": "c0857dc7267277be4327e147e2012a7cbc6cd7fd"
          },
          "sensitive_attributes": [],
          "private": "bnVsbA=="
        }
      ]
    },
    {
      "mode": "managed",
      "type": "github_branch",
      "name": "staging",
      "provider": "provider[\"registry.terraform.io/integrations/github\"]",
      "instances": [
        {
          "schema_version": 0,
          "attributes": {
            "branch": "staging",
            "etag": "W/\"8cc60ccf9c913df29c4cec70a797d7e22d33ca784d9a5cb890337f5b9b9a3458\"",
            "id": "terraform-lab-iac:staging",
            "ref": "refs/heads/staging",
            "repository": "terraform-lab-iac",
            "sha": "c0857dc7267277be4327e147e2012a7cbc6cd7fd",
            "source_branch": "main",
            "source_sha": "c0857dc7267277be4327e147e2012a7cbc6cd7fd"
          },
          "sensitive_attributes": [],
          "private": "bnVsbA=="
        }
      ]
    },
    {
      "mode": "managed",
      "type": "github_branch",
      "name": "test",
      "provider": "provider[\"registry.terraform.io/integrations/github\"]",
      "instances": [
        {
          "schema_version": 0,
          "attributes": {
            "branch": "test",
            "etag": "W/\"67aabf26533c814458de0a71da7c19271c5f79508c635d3971ad133102f01eed\"",
            "id": "terraform-lab-iac:test",
            "ref": "refs/heads/test",
            "repository": "terraform-lab-iac",
            "sha": "c0857dc7267277be4327e147e2012a7cbc6cd7fd",
            "source_branch": "main",
            "source_sha": "c0857dc7267277be4327e147e2012a7cbc6cd7fd"
          },
          "sensitive_attributes": [],
          "private": "bnVsbA=="
        }
      ]
    },
    {
      "mode": "managed",
      "type": "github_membership",
      "name": "membership_for_malopezru",
      "provider": "provider[\"registry.terraform.io/integrations/github\"]",
      "instances": [
        {
          "schema_version": 0,
          "attributes": {
            "downgrade_on_destroy": false,
            "etag": "W/\"bf203131d9099b344243dd38d03c7a5d7de8c32ccd6abd0511ccf31cd767f07e\"",
            "id": "terraform-lab-malopezru:malopezru",
            "role": "admin",
            "username": "malopezru"
          },
          "sensitive_attributes": [],
          "private": "bnVsbA=="
        }
      ]
    },
    {
      "mode": "managed",
      "type": "github_repository",
      "name": "terraform-lab-iac",
      "provider": "provider[\"registry.terraform.io/integrations/github\"]",
      "instances": [
        {
          "schema_version": 1,
          "attributes": {
            "allow_auto_merge": false,
            "allow_merge_commit": true,
            "allow_rebase_merge": true,
            "allow_squash_merge": true,
            "allow_update_branch": false,
            "archive_on_destroy": null,
            "archived": false,
            "auto_init": null,
            "default_branch": "main",
            "delete_branch_on_merge": false,
            "description": "Profe pongame 5",
            "etag": "W/\"e4783e10c3449f5ce78fc08387b32e9cdcd1a1ed98c66dedfe6814756125ca73\"",
            "full_name": "terraform-lab-malopezru/terraform-lab-iac",
            "git_clone_url": "git://github.com/terraform-lab-malopezru/terraform-lab-iac.git",
            "gitignore_template": null,
            "has_discussions": false,
            "has_downloads": false,
            "has_issues": false,
            "has_projects": false,
            "has_wiki": false,
            "homepage_url": "",
            "html_url": "https://github.com/terraform-lab-malopezru/terraform-lab-iac",
            "http_clone_url": "https://github.com/terraform-lab-malopezru/terraform-lab-iac.git",
            "id": "terraform-lab-iac",
            "ignore_vulnerability_alerts_during_read": null,
            "is_template": false,
            "license_template": null,
            "merge_commit_message": "PR_TITLE",
            "merge_commit_title": "MERGE_MESSAGE",
            "name": "terraform-lab-iac",
            "node_id": "R_kgDON9AJAQ",
            "pages": [],
            "primary_language": "HTML",
            "private": false,
            "repo_id": 936380673,
            "security_and_analysis": [
              {
                "advanced_security": [],
                "secret_scanning": [
                  {
                    "status": "disabled"
                  }
                ],
                "secret_scanning_push_protection": [
                  {
                    "status": "disabled"
                  }
                ]
              }
            ],
            "squash_merge_commit_message": "COMMIT_MESSAGES",
            "squash_merge_commit_title": "COMMIT_OR_PR_TITLE",
            "ssh_clone_url": "git@github.com:terraform-lab-malopezru/terraform-lab-iac.git",
            "svn_url": "https://github.com/terraform-lab-malopezru/terraform-lab-iac",
            "template": [
              {
                "include_all_branches": false,
                "owner": "MarketingPipeline",
                "repository": "Awesome-Repo-Template"
              }
            ],
            "topics": [],
            "visibility": "public",
            "vulnerability_alerts": false,
            "web_commit_signoff_required": false
          },
          "sensitive_attributes": [],
          "private": "eyJzY2hlbWFfdmVyc2lvbiI6IjEifQ=="
        }
      ]
    }
  ],
  "check_results": null
}
